
Microsoft Visual Studio Solution File, Format Version 12.00
# Visual Studio 15
VisualStudioVersion = 15.0.26730.16
MinimumVisualStudioVersion = 10.0.40219.1
Project("{2150E333-8FDC-42A3-9474-1A3956D46DE8}") = "Creational", "Creational", "{DC9C0DDE-0531-4C5A-86CB-9BC15B002020}"
EndProject
Project("{2150E333-8FDC-42A3-9474-1A3956D46DE8}") = "Singleton", "Singleton", "{72C23315-274C-4079-A95C-5786AAC6151C}"
	ProjectSection(SolutionItems) = preProject
		README.md = README.md
	EndProjectSection
EndProject
Project("{9A19103F-16F7-4668-BE54-9A1E7A4F7556}") = "SingletonExample", "SingletonExample\SingletonExample.csproj", "{103EF96E-6CE8-4660-A274-71E80DA76826}"
EndProject
Project("{FAE04EC0-301F-11D3-BF4B-00C04F79EFBC}") = "SingletonExample.Test", "SingletonExample.Test\SingletonExample.Test.csproj", "{D1D23DA0-649A-4DE5-961A-567ADD72AB23}"
EndProject
Project("{2150E333-8FDC-42A3-9474-1A3956D46DE8}") = "Prototype", "Prototype", "{A9AED657-E311-4171-9050-0417A659817A}"
EndProject
Project("{9A19103F-16F7-4668-BE54-9A1E7A4F7556}") = "SimplePrototypeExample", "SimplePrototypeExample\SimplePrototypeExample.csproj", "{40EA3805-EEBC-4D73-92DF-B9313558A117}"
EndProject
Project("{FAE04EC0-301F-11D3-BF4B-00C04F79EFBC}") = "SimplePrototypeExample.Test", "SimplePrototypeExample.Test\SimplePrototypeExample.Test.csproj", "{24B21796-AD9B-4FEC-973E-D86632979264}"
EndProject
Project("{2150E333-8FDC-42A3-9474-1A3956D46DE8}") = "Factory", "Factory", "{5FC68390-C4CF-4768-8BDB-B2C51C6627CD}"
EndProject
Project("{9A19103F-16F7-4668-BE54-9A1E7A4F7556}") = "FactoryExample", "FactoryExample\FactoryExample.csproj", "{714C7F2A-D944-4D4E-A1F7-9B69F71C9647}"
EndProject
Project("{FAE04EC0-301F-11D3-BF4B-00C04F79EFBC}") = "FactoryExample.Test", "FactoryExample.Test\FactoryExample.Test.csproj", "{C148D603-9DC0-4EA4-B4D2-83E3EF50AB0C}"
EndProject
Project("{2150E333-8FDC-42A3-9474-1A3956D46DE8}") = "Structural", "Structural", "{A6444704-5020-4808-8F72-127748EB66CA}"
EndProject
Project("{9A19103F-16F7-4668-BE54-9A1E7A4F7556}") = "CompositeExample", "CompositeExample\CompositeExample.csproj", "{F47BFE49-BA5C-4616-82B6-107604CFA353}"
EndProject
Project("{FAE04EC0-301F-11D3-BF4B-00C04F79EFBC}") = "CompositeExample.Test", "CompositeExample.Test\CompositeExample.Test.csproj", "{975534DE-CA68-4DA2-928F-C5828156A19C}"
EndProject
Project("{2150E333-8FDC-42A3-9474-1A3956D46DE8}") = "Behavioral", "Behavioral", "{A91E48DA-4C22-47EF-ABC3-4F1F237E5B81}"
EndProject
Project("{FAE04EC0-301F-11D3-BF4B-00C04F79EFBC}") = "ObserverExample", "ObserverExample\ObserverExample.csproj", "{3BB86AC5-B3FA-4435-8C3B-0699AF80C399}"
EndProject
Project("{FAE04EC0-301F-11D3-BF4B-00C04F79EFBC}") = "ObserverExample.Test", "ObserverExample.Test\ObserverExample.Test.csproj", "{A6813285-10F2-4B42-8B42-E065FE85D328}"
EndProject
Project("{2150E333-8FDC-42A3-9474-1A3956D46DE8}") = "Observer", "Observer", "{7409BF53-2997-4D51-852C-793CE5DAD146}"
EndProject
Global
	GlobalSection(SolutionConfigurationPlatforms) = preSolution
		Debug|Any CPU = Debug|Any CPU
		Release|Any CPU = Release|Any CPU
	EndGlobalSection
	GlobalSection(ProjectConfigurationPlatforms) = postSolution
		{103EF96E-6CE8-4660-A274-71E80DA76826}.Debug|Any CPU.ActiveCfg = Debug|Any CPU
		{103EF96E-6CE8-4660-A274-71E80DA76826}.Debug|Any CPU.Build.0 = Debug|Any CPU
		{103EF96E-6CE8-4660-A274-71E80DA76826}.Release|Any CPU.ActiveCfg = Release|Any CPU
		{103EF96E-6CE8-4660-A274-71E80DA76826}.Release|Any CPU.Build.0 = Release|Any CPU
		{D1D23DA0-649A-4DE5-961A-567ADD72AB23}.Debug|Any CPU.ActiveCfg = Debug|Any CPU
		{D1D23DA0-649A-4DE5-961A-567ADD72AB23}.Debug|Any CPU.Build.0 = Debug|Any CPU
		{D1D23DA0-649A-4DE5-961A-567ADD72AB23}.Release|Any CPU.ActiveCfg = Release|Any CPU
		{D1D23DA0-649A-4DE5-961A-567ADD72AB23}.Release|Any CPU.Build.0 = Release|Any CPU
		{40EA3805-EEBC-4D73-92DF-B9313558A117}.Debug|Any CPU.ActiveCfg = Debug|Any CPU
		{40EA3805-EEBC-4D73-92DF-B9313558A117}.Debug|Any CPU.Build.0 = Debug|Any CPU
		{40EA3805-EEBC-4D73-92DF-B9313558A117}.Release|Any CPU.ActiveCfg = Release|Any CPU
		{40EA3805-EEBC-4D73-92DF-B9313558A117}.Release|Any CPU.Build.0 = Release|Any CPU
		{24B21796-AD9B-4FEC-973E-D86632979264}.Debug|Any CPU.ActiveCfg = Debug|Any CPU
		{24B21796-AD9B-4FEC-973E-D86632979264}.Debug|Any CPU.Build.0 = Debug|Any CPU
		{24B21796-AD9B-4FEC-973E-D86632979264}.Release|Any CPU.ActiveCfg = Release|Any CPU
		{24B21796-AD9B-4FEC-973E-D86632979264}.Release|Any CPU.Build.0 = Release|Any CPU
		{714C7F2A-D944-4D4E-A1F7-9B69F71C9647}.Debug|Any CPU.ActiveCfg = Debug|Any CPU
		{714C7F2A-D944-4D4E-A1F7-9B69F71C9647}.Debug|Any CPU.Build.0 = Debug|Any CPU
		{714C7F2A-D944-4D4E-A1F7-9B69F71C9647}.Release|Any CPU.ActiveCfg = Release|Any CPU
		{714C7F2A-D944-4D4E-A1F7-9B69F71C9647}.Release|Any CPU.Build.0 = Release|Any CPU
		{C148D603-9DC0-4EA4-B4D2-83E3EF50AB0C}.Debug|Any CPU.ActiveCfg = Debug|Any CPU
		{C148D603-9DC0-4EA4-B4D2-83E3EF50AB0C}.Debug|Any CPU.Build.0 = Debug|Any CPU
		{C148D603-9DC0-4EA4-B4D2-83E3EF50AB0C}.Release|Any CPU.ActiveCfg = Release|Any CPU
		{C148D603-9DC0-4EA4-B4D2-83E3EF50AB0C}.Release|Any CPU.Build.0 = Release|Any CPU
		{F47BFE49-BA5C-4616-82B6-107604CFA353}.Debug|Any CPU.ActiveCfg = Debug|Any CPU
		{F47BFE49-BA5C-4616-82B6-107604CFA353}.Debug|Any CPU.Build.0 = Debug|Any CPU
		{F47BFE49-BA5C-4616-82B6-107604CFA353}.Release|Any CPU.ActiveCfg = Release|Any CPU
		{F47BFE49-BA5C-4616-82B6-107604CFA353}.Release|Any CPU.Build.0 = Release|Any CPU
		{975534DE-CA68-4DA2-928F-C5828156A19C}.Debug|Any CPU.ActiveCfg = Debug|Any CPU
		{975534DE-CA68-4DA2-928F-C5828156A19C}.Debug|Any CPU.Build.0 = Debug|Any CPU
		{975534DE-CA68-4DA2-928F-C5828156A19C}.Release|Any CPU.ActiveCfg = Release|Any CPU
		{975534DE-CA68-4DA2-928F-C5828156A19C}.Release|Any CPU.Build.0 = Release|Any CPU
		{3BB86AC5-B3FA-4435-8C3B-0699AF80C399}.Debug|Any CPU.ActiveCfg = Debug|Any CPU
		{3BB86AC5-B3FA-4435-8C3B-0699AF80C399}.Debug|Any CPU.Build.0 = Debug|Any CPU
		{3BB86AC5-B3FA-4435-8C3B-0699AF80C399}.Release|Any CPU.ActiveCfg = Release|Any CPU
		{3BB86AC5-B3FA-4435-8C3B-0699AF80C399}.Release|Any CPU.Build.0 = Release|Any CPU
		{A6813285-10F2-4B42-8B42-E065FE85D328}.Debug|Any CPU.ActiveCfg = Debug|Any CPU
		{A6813285-10F2-4B42-8B42-E065FE85D328}.Debug|Any CPU.Build.0 = Debug|Any CPU
		{A6813285-10F2-4B42-8B42-E065FE85D328}.Release|Any CPU.ActiveCfg = Release|Any CPU
		{A6813285-10F2-4B42-8B42-E065FE85D328}.Release|Any CPU.Build.0 = Release|Any CPU
	EndGlobalSection
	GlobalSection(SolutionProperties) = preSolution
		HideSolutionNode = FALSE
	EndGlobalSection
	GlobalSection(NestedProjects) = preSolution
		{72C23315-274C-4079-A95C-5786AAC6151C} = {DC9C0DDE-0531-4C5A-86CB-9BC15B002020}
		{103EF96E-6CE8-4660-A274-71E80DA76826} = {72C23315-274C-4079-A95C-5786AAC6151C}
		{D1D23DA0-649A-4DE5-961A-567ADD72AB23} = {72C23315-274C-4079-A95C-5786AAC6151C}
		{A9AED657-E311-4171-9050-0417A659817A} = {DC9C0DDE-0531-4C5A-86CB-9BC15B002020}
		{40EA3805-EEBC-4D73-92DF-B9313558A117} = {A9AED657-E311-4171-9050-0417A659817A}
		{24B21796-AD9B-4FEC-973E-D86632979264} = {A9AED657-E311-4171-9050-0417A659817A}
		{5FC68390-C4CF-4768-8BDB-B2C51C6627CD} = {DC9C0DDE-0531-4C5A-86CB-9BC15B002020}
		{714C7F2A-D944-4D4E-A1F7-9B69F71C9647} = {5FC68390-C4CF-4768-8BDB-B2C51C6627CD}
		{C148D603-9DC0-4EA4-B4D2-83E3EF50AB0C} = {5FC68390-C4CF-4768-8BDB-B2C51C6627CD}
		{F47BFE49-BA5C-4616-82B6-107604CFA353} = {A6444704-5020-4808-8F72-127748EB66CA}
		{975534DE-CA68-4DA2-928F-C5828156A19C} = {A6444704-5020-4808-8F72-127748EB66CA}
		{3BB86AC5-B3FA-4435-8C3B-0699AF80C399} = {7409BF53-2997-4D51-852C-793CE5DAD146}
		{A6813285-10F2-4B42-8B42-E065FE85D328} = {7409BF53-2997-4D51-852C-793CE5DAD146}
		{7409BF53-2997-4D51-852C-793CE5DAD146} = {A91E48DA-4C22-47EF-ABC3-4F1F237E5B81}
	EndGlobalSection
	GlobalSection(ExtensibilityGlobals) = postSolution
		SolutionGuid = {701FECE0-9664-4DC5-94D3-4F0BE4ADB7F0}
	EndGlobalSection
EndGlobal
